
Microsoft Visual Studio Solution File, Format Version 12.00
# Visual Studio 15
VisualStudioVersion = 15.0.27428.2005
MinimumVisualStudioVersion = 10.0.40219.1
Project("{FAE04EC0-301F-11D3-BF4B-00C04F79EFBC}") = "BlogRough", "BlogRough\BlogRough.csproj", "{6583E1FB-FB73-4A80-92C6-8C41DD1045D7}"
EndProject
Global
	GlobalSection(SolutionConfigurationPlatforms) = preSolution
		Debug|Any CPU = Debug|Any CPU
		Release|Any CPU = Release|Any CPU
	EndGlobalSection
	GlobalSection(ProjectConfigurationPlatforms) = postSolution
		{6583E1FB-FB73-4A80-92C6-8C41DD1045D7}.Debug|Any CPU.ActiveCfg = Debug|Any CPU
		{6583E1FB-FB73-4A80-92C6-8C41DD1045D7}.Debug|Any CPU.Build.0 = Debug|Any CPU
		{6583E1FB-FB73-4A80-92C6-8C41DD1045D7}.Release|Any CPU.ActiveCfg = Release|Any CPU
		{6583E1FB-FB73-4A80-92C6-8C41DD1045D7}.Release|Any CPU.Build.0 = Release|Any CPU
	EndGlobalSection
	GlobalSection(SolutionProperties) = preSolution
		HideSolutionNode = FALSE
	EndGlobalSection
	GlobalSection(ExtensibilityGlobals) = postSolution
		SolutionGuid = {D6DD5705-373C-4061-9B20-38920B367B64}
	EndGlobalSection
EndGlobal
